
Microsoft Visual Studio Solution File, Format Version 12.00
# Visual Studio Version 16
VisualStudioVersion = 16.0.33328.57
MinimumVisualStudioVersion = 10.0.40219.1
Project("{FAE04EC0-301F-11D3-BF4B-00C04F79EFBC}") = "HelloWorld", "HelloWorld\HelloWorld.csproj", "{40CFF56F-30CC-4F74-8BA4-F64ED3345672}"
EndProject
Global
	GlobalSection(SolutionConfigurationPlatforms) = preSolution
		Debug|Any CPU = Debug|Any CPU
		Release|Any CPU = Release|Any CPU
	EndGlobalSection
	GlobalSection(ProjectConfigurationPlatforms) = postSolution
		{40CFF56F-30CC-4F74-8BA4-F64ED3345672}.Debug|Any CPU.ActiveCfg = Debug|Any CPU
		{40CFF56F-30CC-4F74-8BA4-F64ED3345672}.Debug|Any CPU.Build.0 = Debug|Any CPU
		{40CFF56F-30CC-4F74-8BA4-F64ED3345672}.Release|Any CPU.ActiveCfg = Release|Any CPU
		{40CFF56F-30CC-4F74-8BA4-F64ED3345672}.Release|Any CPU.Build.0 = Release|Any CPU
	EndGlobalSection
	GlobalSection(SolutionProperties) = preSolution
		HideSolutionNode = FALSE
	EndGlobalSection
	GlobalSection(ExtensibilityGlobals) = postSolution
		SolutionGuid = {716CE957-A21E-4FCB-A4EE-D5720C6F250F}
	EndGlobalSection
EndGlobal
